// !$*UTF8*$!
{
	archiveVersion = 1;
	classes = {
	};
	objectVersion = 46;
	objects = {

/* Begin PBXBuildFile section */
		5087110819C3D969001FBADE /* Foundation.framework in Frameworks */ = {isa = PBXBuildFile; fileRef = 5087110719C3D969001FBADE /* Foundation.framework */; };
		5087110A19C3D969001FBADE /* CoreGraphics.framework in Frameworks */ = {isa = PBXBuildFile; fileRef = 5087110919C3D969001FBADE /* CoreGraphics.framework */; };
		5087110C19C3D969001FBADE /* UIKit.framework in Frameworks */ = {isa = PBXBuildFile; fileRef = 5087110B19C3D969001FBADE /* UIKit.framework */; };
		5087111219C3D969001FBADE /* InfoPlist.strings in Resources */ = {isa = PBXBuildFile; fileRef = 5087111019C3D969001FBADE /* InfoPlist.strings */; };
		5087111419C3D969001FBADE /* main.m in Sources */ = {isa = PBXBuildFile; fileRef = 5087111319C3D969001FBADE /* main.m */; };
		5087111819C3D969001FBADE /* MBAppDelegate.m in Sources */ = {isa = PBXBuildFile; fileRef = 5087111719C3D969001FBADE /* MBAppDelegate.m */; };
		5087111B19C3D96A001FBADE /* Main.storyboard in Resources */ = {isa = PBXBuildFile; fileRef = 5087111919C3D96A001FBADE /* Main.storyboard */; };
		5087112319C3D96A001FBADE /* Images.xcassets in Resources */ = {isa = PBXBuildFile; fileRef = 5087112219C3D96A001FBADE /* Images.xcassets */; };
		5087112A19C3D96A001FBADE /* XCTest.framework in Frameworks */ = {isa = PBXBuildFile; fileRef = 5087112919C3D96A001FBADE /* XCTest.framework */; };
		5087112B19C3D96A001FBADE /* Foundation.framework in Frameworks */ = {isa = PBXBuildFile; fileRef = 5087110719C3D969001FBADE /* Foundation.framework */; };
		5087112C19C3D96A001FBADE /* UIKit.framework in Frameworks */ = {isa = PBXBuildFile; fileRef = 5087110B19C3D969001FBADE /* UIKit.framework */; };
		5087113419C3D96A001FBADE /* InfoPlist.strings in Resources */ = {isa = PBXBuildFile; fileRef = 5087113219C3D96A001FBADE /* InfoPlist.strings */; };
		5087113619C3D96A001FBADE /* MagicBoardTests.m in Sources */ = {isa = PBXBuildFile; fileRef = 5087113519C3D96A001FBADE /* MagicBoardTests.m */; };
		5087114019C3DBE5001FBADE /* MyoKit.framework in Frameworks */ = {isa = PBXBuildFile; fileRef = 5087113F19C3DBE5001FBADE /* MyoKit.framework */; };
		5087114219C3DC57001FBADE /* MyoKit.framework in Frameworks */ = {isa = PBXBuildFile; fileRef = 5087114119C3DC57001FBADE /* MyoKit.framework */; };
		5087114419C3DC8A001FBADE /* CoreBluetooth.framework in Frameworks */ = {isa = PBXBuildFile; fileRef = 5087114319C3DC8A001FBADE /* CoreBluetooth.framework */; };
		5087114619C3DCED001FBADE /* SystemConfiguration.framework in Frameworks */ = {isa = PBXBuildFile; fileRef = 5087114519C3DCED001FBADE /* SystemConfiguration.framework */; };
/* End PBXBuildFile section */

/* Begin PBXContainerItemProxy section */
		5087112D19C3D96A001FBADE /* PBXContainerItemProxy */ = {
			isa = PBXContainerItemProxy;
			containerPortal = 508710FC19C3D969001FBADE /* Project object */;
			proxyType = 1;
			remoteGlobalIDString = 5087110319C3D969001FBADE;
			remoteInfo = MagicBoard;
		};
/* End PBXContainerItemProxy section */

/* Begin PBXFileReference section */
		5087110419C3D969001FBADE /* MagicBoard.app */ = {isa = PBXFileReference; explicitFileType = wrapper.application; includeInIndex = 0; path = MagicBoard.app; sourceTree = BUILT_PRODUCTS_DIR; };
		5087110719C3D969001FBADE /* Foundation.framework */ = {isa = PBXFileReference; lastKnownFileType = wrapper.framework; name = Foundation.framework; path = System/Library/Frameworks/Foundation.framework; sourceTree = SDKROOT; };
		5087110919C3D969001FBADE /* CoreGraphics.framework */ = {isa = PBXFileReference; lastKnownFileType = wrapper.framework; name = CoreGraphics.framework; path = System/Library/Frameworks/CoreGraphics.framework; sourceTree = SDKROOT; };
		5087110B19C3D969001FBADE /* UIKit.framework */ = {isa = PBXFileReference; lastKnownFileType = wrapper.framework; name = UIKit.framework; path = System/Library/Frameworks/UIKit.framework; sourceTree = SDKROOT; };
		5087110F19C3D969001FBADE /* MagicBoard-Info.plist */ = {isa = PBXFileReference; lastKnownFileType = text.plist.xml; path = "MagicBoard-Info.plist"; sourceTree = "<group>"; };
		5087111119C3D969001FBADE /* en */ = {isa = PBXFileReference; lastKnownFileType = text.plist.strings; name = en; path = en.lproj/InfoPlist.strings; sourceTree = "<group>"; };
		5087111319C3D969001FBADE /* main.m */ = {isa = PBXFileReference; lastKnownFileType = sourcecode.c.objc; path = main.m; sourceTree = "<group>"; };
		5087111519C3D969001FBADE /* MagicBoard-Prefix.pch */ = {isa = PBXFileReference; lastKnownFileType = sourcecode.c.h; path = "MagicBoard-Prefix.pch"; sourceTree = "<group>"; };
		5087111619C3D969001FBADE /* MBAppDelegate.h */ = {isa = PBXFileReference; lastKnownFileType = sourcecode.c.h; path = MBAppDelegate.h; sourceTree = "<group>"; };
		5087111719C3D969001FBADE /* MBAppDelegate.m */ = {isa = PBXFileReference; lastKnownFileType = sourcecode.c.objc; path = MBAppDelegate.m; sourceTree = "<group>"; };
		5087111A19C3D96A001FBADE /* Base */ = {isa = PBXFileReference; lastKnownFileType = file.storyboard; name = Base; path = Base.lproj/Main.storyboard; sourceTree = "<group>"; };
		5087112219C3D96A001FBADE /* Images.xcassets */ = {isa = PBXFileReference; lastKnownFileType = folder.assetcatalog; path = Images.xcassets; sourceTree = "<group>"; };
		5087112819C3D96A001FBADE /* MagicBoardTests.xctest */ = {isa = PBXFileReference; explicitFileType = wrapper.cfbundle; includeInIndex = 0; path = MagicBoardTests.xctest; sourceTree = BUILT_PRODUCTS_DIR; };
		5087112919C3D96A001FBADE /* XCTest.framework */ = {isa = PBXFileReference; lastKnownFileType = wrapper.framework; name = XCTest.framework; path = Library/Frameworks/XCTest.framework; sourceTree = DEVELOPER_DIR; };
		5087113119C3D96A001FBADE /* MagicBoardTests-Info.plist */ = {isa = PBXFileReference; lastKnownFileType = text.plist.xml; path = "MagicBoardTests-Info.plist"; sourceTree = "<group>"; };
		5087113319C3D96A001FBADE /* en */ = {isa = PBXFileReference; lastKnownFileType = text.plist.strings; name = en; path = en.lproj/InfoPlist.strings; sourceTree = "<group>"; };
		5087113519C3D96A001FBADE /* MagicBoardTests.m */ = {isa = PBXFileReference; lastKnownFileType = sourcecode.c.objc; path = MagicBoardTests.m; sourceTree = "<group>"; };
		5087113F19C3DBE5001FBADE /* MyoKit.framework */ = {isa = PBXFileReference; lastKnownFileType = wrapper.framework; path = MyoKit.framework; sourceTree = "<group>"; };
		5087114119C3DC57001FBADE /* MyoKit.framework */ = {isa = PBXFileReference; lastKnownFileType = wrapper.framework; name = MyoKit.framework; path = "../../myo-ios-sdk-beta1/MyoKit.framework"; sourceTree = "<group>"; };
		5087114319C3DC8A001FBADE /* CoreBluetooth.framework */ = {isa = PBXFileReference; lastKnownFileType = wrapper.framework; name = CoreBluetooth.framework; path = System/Library/Frameworks/CoreBluetooth.framework; sourceTree = SDKROOT; };
		5087114519C3DCED001FBADE /* SystemConfiguration.framework */ = {isa = PBXFileReference; lastKnownFileType = wrapper.framework; name = SystemConfiguration.framework; path = System/Library/Frameworks/SystemConfiguration.framework; sourceTree = SDKROOT; };
/* End PBXFileReference section */

/* Begin PBXFrameworksBuildPhase section */
		5087110119C3D969001FBADE /* Frameworks */ = {
			isa = PBXFrameworksBuildPhase;
			buildActionMask = 2147483647;
			files = (
				5087114619C3DCED001FBADE /* SystemConfiguration.framework in Frameworks */,
				5087114419C3DC8A001FBADE /* CoreBluetooth.framework in Frameworks */,
				5087114219C3DC57001FBADE /* MyoKit.framework in Frameworks */,
				5087110A19C3D969001FBADE /* CoreGraphics.framework in Frameworks */,
				5087114019C3DBE5001FBADE /* MyoKit.framework in Frameworks */,
				5087110C19C3D969001FBADE /* UIKit.framework in Frameworks */,
				5087110819C3D969001FBADE /* Foundation.framework in Frameworks */,
			);
			runOnlyForDeploymentPostprocessing = 0;
		};
		5087112519C3D96A001FBADE /* Frameworks */ = {
			isa = PBXFrameworksBuildPhase;
			buildActionMask = 2147483647;
			files = (
				5087112A19C3D96A001FBADE /* XCTest.framework in Frameworks */,
				5087112C19C3D96A001FBADE /* UIKit.framework in Frameworks */,
				5087112B19C3D96A001FBADE /* Foundation.framework in Frameworks */,
			);
			runOnlyForDeploymentPostprocessing = 0;
		};
/* End PBXFrameworksBuildPhase section */

/* Begin PBXGroup section */
		508710FB19C3D969001FBADE = {
			isa = PBXGroup;
			children = (
				5087110D19C3D969001FBADE /* MagicBoard */,
				5087112F19C3D96A001FBADE /* MagicBoardTests */,
				5087110619C3D969001FBADE /* Frameworks */,
				5087110519C3D969001FBADE /* Products */,
			);
			sourceTree = "<group>";
		};
		5087110519C3D969001FBADE /* Products */ = {
			isa = PBXGroup;
			children = (
				5087110419C3D969001FBADE /* MagicBoard.app */,
				5087112819C3D96A001FBADE /* MagicBoardTests.xctest */,
			);
			name = Products;
			sourceTree = "<group>";
		};
		5087110619C3D969001FBADE /* Frameworks */ = {
			isa = PBXGroup;
			children = (
				5087114519C3DCED001FBADE /* SystemConfiguration.framework */,
				5087114319C3DC8A001FBADE /* CoreBluetooth.framework */,
				5087114119C3DC57001FBADE /* MyoKit.framework */,
				5087113F19C3DBE5001FBADE /* MyoKit.framework */,
				5087110719C3D969001FBADE /* Foundation.framework */,
				5087110919C3D969001FBADE /* CoreGraphics.framework */,
				5087110B19C3D969001FBADE /* UIKit.framework */,
				5087112919C3D96A001FBADE /* XCTest.framework */,
			);
			name = Frameworks;
			sourceTree = "<group>";
		};
		5087110D19C3D969001FBADE /* MagicBoard */ = {
			isa = PBXGroup;
			children = (
				5087111619C3D969001FBADE /* MBAppDelegate.h */,
				5087111719C3D969001FBADE /* MBAppDelegate.m */,
				5087111919C3D96A001FBADE /* Main.storyboard */,
				5087112219C3D96A001FBADE /* Images.xcassets */,
				5087110E19C3D969001FBADE /* Supporting Files */,
			);
			path = MagicBoard;
			sourceTree = "<group>";
		};
		5087110E19C3D969001FBADE /* Supporting Files */ = {
			isa = PBXGroup;
			children = (
				5087110F19C3D969001FBADE /* MagicBoard-Info.plist */,
				5087111019C3D969001FBADE /* InfoPlist.strings */,
				5087111319C3D969001FBADE /* main.m */,
				5087111519C3D969001FBADE /* MagicBoard-Prefix.pch */,
			);
			name = "Supporting Files";
			sourceTree = "<group>";
		};
		5087112F19C3D96A001FBADE /* MagicBoardTests */ = {
			isa = PBXGroup;
			children = (
				5087113519C3D96A001FBADE /* MagicBoardTests.m */,
				5087113019C3D96A001FBADE /* Supporting Files */,
			);
			path = MagicBoardTests;
			sourceTree = "<group>";
		};
		5087113019C3D96A001FBADE /* Supporting Files */ = {
			isa = PBXGroup;
			children = (
				5087113119C3D96A001FBADE /* MagicBoardTests-Info.plist */,
				5087113219C3D96A001FBADE /* InfoPlist.strings */,
			);
			name = "Supporting Files";
			sourceTree = "<group>";
		};
/* End PBXGroup section */

/* Begin PBXNativeTarget section */
		5087110319C3D969001FBADE /* MagicBoard */ = {
			isa = PBXNativeTarget;
			buildConfigurationList = 5087113919C3D96A001FBADE /* Build configuration list for PBXNativeTarget "MagicBoard" */;
			buildPhases = (
				5087110019C3D969001FBADE /* Sources */,
				5087110119C3D969001FBADE /* Frameworks */,
				5087110219C3D969001FBADE /* Resources */,
			);
			buildRules = (
			);
			dependencies = (
			);
			name = MagicBoard;
			productName = MagicBoard;
			productReference = 5087110419C3D969001FBADE /* MagicBoard.app */;
			productType = "com.apple.product-type.application";
		};
		5087112719C3D96A001FBADE /* MagicBoardTests */ = {
			isa = PBXNativeTarget;
			buildConfigurationList = 5087113C19C3D96A001FBADE /* Build configuration list for PBXNativeTarget "MagicBoardTests" */;
			buildPhases = (
				5087112419C3D96A001FBADE /* Sources */,
				5087112519C3D96A001FBADE /* Frameworks */,
				5087112619C3D96A001FBADE /* Resources */,
			);
			buildRules = (
			);
			dependencies = (
				5087112E19C3D96A001FBADE /* PBXTargetDependency */,
			);
			name = MagicBoardTests;
			productName = MagicBoardTests;
			productReference = 5087112819C3D96A001FBADE /* MagicBoardTests.xctest */;
			productType = "com.apple.product-type.bundle.unit-test";
		};
/* End PBXNativeTarget section */

/* Begin PBXProject section */
		508710FC19C3D969001FBADE /* Project object */ = {
			isa = PBXProject;
			attributes = {
				CLASSPREFIX = MB;
				LastUpgradeCheck = 0510;
				ORGANIZATIONNAME = MyoBoard;
				TargetAttributes = {
					5087112719C3D96A001FBADE = {
						TestTargetID = 5087110319C3D969001FBADE;
					};
				};
			};
			buildConfigurationList = 508710FF19C3D969001FBADE /* Build configuration list for PBXProject "MagicBoard" */;
			compatibilityVersion = "Xcode 3.2";
			developmentRegion = English;
			hasScannedForEncodings = 0;
			knownRegions = (
				en,
				Base,
			);
			mainGroup = 508710FB19C3D969001FBADE;
			productRefGroup = 5087110519C3D969001FBADE /* Products */;
			projectDirPath = "";
			projectRoot = "";
			targets = (
				5087110319C3D969001FBADE /* MagicBoard */,
				5087112719C3D96A001FBADE /* MagicBoardTests */,
			);
		};
/* End PBXProject section */

/* Begin PBXResourcesBuildPhase section */
		5087110219C3D969001FBADE /* Resources */ = {
			isa = PBXResourcesBuildPhase;
			buildActionMask = 2147483647;
			files = (
				5087112319C3D96A001FBADE /* Images.xcassets in Resources */,
				5087111219C3D969001FBADE /* InfoPlist.strings in Resources */,
				5087111B19C3D96A001FBADE /* Main.storyboard in Resources */,
			);
			runOnlyForDeploymentPostprocessing = 0;
		};
		5087112619C3D96A001FBADE /* Resources */ = {
			isa = PBXResourcesBuildPhase;
			buildActionMask = 2147483647;
			files = (
				5087113419C3D96A001FBADE /* InfoPlist.strings in Resources */,
			);
			runOnlyForDeploymentPostprocessing = 0;
		};
/* End PBXResourcesBuildPhase section */

/* Begin PBXSourcesBuildPhase section */
		5087110019C3D969001FBADE /* Sources */ = {
			isa = PBXSourcesBuildPhase;
			buildActionMask = 2147483647;
			files = (
				5087111419C3D969001FBADE /* main.m in Sources */,
				5087111819C3D969001FBADE /* MBAppDelegate.m in Sources */,
			);
			runOnlyForDeploymentPostprocessing = 0;
		};
		5087112419C3D96A001FBADE /* Sources */ = {
			isa = PBXSourcesBuildPhase;
			buildActionMask = 2147483647;
			files = (
				5087113619C3D96A001FBADE /* MagicBoardTests.m in Sources */,
			);
			runOnlyForDeploymentPostprocessing = 0;
		};
/* End PBXSourcesBuildPhase section */

/* Begin PBXTargetDependency section */
		5087112E19C3D96A001FBADE /* PBXTargetDependency */ = {
			isa = PBXTargetDependency;
			target = 5087110319C3D969001FBADE /* MagicBoard */;
			targetProxy = 5087112D19C3D96A001FBADE /* PBXContainerItemProxy */;
		};
/* End PBXTargetDependency section */

/* Begin PBXVariantGroup section */
		5087111019C3D969001FBADE /* InfoPlist.strings */ = {
			isa = PBXVariantGroup;
			children = (
				5087111119C3D969001FBADE /* en */,
			);
			name = InfoPlist.strings;
			sourceTree = "<group>";
		};
		5087111919C3D96A001FBADE /* Main.storyboard */ = {
			isa = PBXVariantGroup;
			children = (
				5087111A19C3D96A001FBADE /* Base */,
			);
			name = Main.storyboard;
			sourceTree = "<group>";
		};
		5087113219C3D96A001FBADE /* InfoPlist.strings */ = {
			isa = PBXVariantGroup;
			children = (
				5087113319C3D96A001FBADE /* en */,
			);
			name = InfoPlist.strings;
			sourceTree = "<group>";
		};
/* End PBXVariantGroup section */

/* Begin XCBuildConfiguration section */
		5087113719C3D96A001FBADE /* Debug */ = {
			isa = XCBuildConfiguration;
			buildSettings = {
				ALWAYS_SEARCH_USER_PATHS = NO;
				CLANG_CXX_LANGUAGE_STANDARD = "gnu++0x";
				CLANG_CXX_LIBRARY = "libc++";
				CLANG_ENABLE_MODULES = YES;
				CLANG_ENABLE_OBJC_ARC = YES;
				CLANG_WARN_BOOL_CONVERSION = YES;
				CLANG_WARN_CONSTANT_CONVERSION = YES;
				CLANG_WARN_DIRECT_OBJC_ISA_USAGE = YES_ERROR;
				CLANG_WARN_EMPTY_BODY = YES;
				CLANG_WARN_ENUM_CONVERSION = YES;
				CLANG_WARN_INT_CONVERSION = YES;
				CLANG_WARN_OBJC_ROOT_CLASS = YES_ERROR;
				CLANG_WARN__DUPLICATE_METHOD_MATCH = YES;
				"CODE_SIGN_IDENTITY[sdk=iphoneos*]" = "iPhone Developer";
				COPY_PHASE_STRIP = NO;
				GCC_C_LANGUAGE_STANDARD = gnu99;
				GCC_DYNAMIC_NO_PIC = NO;
				GCC_OPTIMIZATION_LEVEL = 0;
				GCC_PREPROCESSOR_DEFINITIONS = (
					"DEBUG=1",
					"$(inherited)",
				);
				GCC_SYMBOLS_PRIVATE_EXTERN = NO;
				GCC_WARN_64_TO_32_BIT_CONVERSION = YES;
				GCC_WARN_ABOUT_RETURN_TYPE = YES_ERROR;
				GCC_WARN_UNDECLARED_SELECTOR = YES;
				GCC_WARN_UNINITIALIZED_AUTOS = YES_AGGRESSIVE;
				GCC_WARN_UNUSED_FUNCTION = YES;
				GCC_WARN_UNUSED_VARIABLE = YES;
				IPHONEOS_DEPLOYMENT_TARGET = 7.1;
				ONLY_ACTIVE_ARCH = YES;
				SDKROOT = iphoneos;
			};
			name = Debug;
		};
		5087113819C3D96A001FBADE /* Release */ = {
			isa = XCBuildConfiguration;
			buildSettings = {
				ALWAYS_SEARCH_USER_PATHS = NO;
				CLANG_CXX_LANGUAGE_STANDARD = "gnu++0x";
				CLANG_CXX_LIBRARY = "libc++";
				CLANG_ENABLE_MODULES = YES;
				CLANG_ENABLE_OBJC_ARC = YES;
				CLANG_WARN_BOOL_CONVERSION = YES;
				CLANG_WARN_CONSTANT_CONVERSION = YES;
				CLANG_WARN_DIRECT_OBJC_ISA_USAGE = YES_ERROR;
				CLANG_WARN_EMPTY_BODY = YES;
				CLANG_WARN_ENUM_CONVERSION = YES;
				CLANG_WARN_INT_CONVERSION = YES;
				CLANG_WARN_OBJC_ROOT_CLASS = YES_ERROR;
				CLANG_WARN__DUPLICATE_METHOD_MATCH = YES;
				"CODE_SIGN_IDENTITY[sdk=iphoneos*]" = "iPhone Developer";
				COPY_PHASE_STRIP = YES;
				ENABLE_NS_ASSERTIONS = NO;
				GCC_C_LANGUAGE_STANDARD = gnu99;
				GCC_WARN_64_TO_32_BIT_CONVERSION = YES;
				GCC_WARN_ABOUT_RETURN_TYPE = YES_ERROR;
				GCC_WARN_UNDECLARED_SELECTOR = YES;
				GCC_WARN_UNINITIALIZED_AUTOS = YES_AGGRESSIVE;
				GCC_WARN_UNUSED_FUNCTION = YES;
				GCC_WARN_UNUSED_VARIABLE = YES;
				IPHONEOS_DEPLOYMENT_TARGET = 7.1;
				SDKROOT = iphoneos;
				VALIDATE_PRODUCT = YES;
			};
			name = Release;
		};
		5087113A19C3D96A001FBADE /* Debug */ = {
			isa = XCBuildConfiguration;
			buildSettings = {
				ASSETCATALOG_COMPILER_APPICON_NAME = AppIcon;
				ASSETCATALOG_COMPILER_LAUNCHIMAGE_NAME = LaunchImage;
				FRAMEWORK_SEARCH_PATHS = (
					"$(inherited)",
					"$(PROJECT_DIR)",
					"/Users/nlazaris/src/myo-ios-sdk-beta1",
				);
				GCC_PRECOMPILE_PREFIX_HEADER = YES;
				GCC_PREFIX_HEADER = "MagicBoard/MagicBoard-Prefix.pch";
				INFOPLIST_FILE = "MagicBoard/MagicBoard-Info.plist";
				PRODUCT_NAME = "$(TARGET_NAME)";
				WRAPPER_EXTENSION = app;
			};
			name = Debug;
		};
		5087113B19C3D96A001FBADE /* Release */ = {
			isa = XCBuildConfiguration;
			buildSettings = {
				ASSETCATALOG_COMPILER_APPICON_NAME = AppIcon;
				ASSETCATALOG_COMPILER_LAUNCHIMAGE_NAME = LaunchImage;
				FRAMEWORK_SEARCH_PATHS = (
					"$(inherited)",
					"$(PROJECT_DIR)",
					"/Users/nlazaris/src/myo-ios-sdk-beta1",
				);
				GCC_PRECOMPILE_PREFIX_HEADER = YES;
				GCC_PREFIX_HEADER = "MagicBoard/MagicBoard-Prefix.pch";
				INFOPLIST_FILE = "MagicBoard/MagicBoard-Info.plist";
				PRODUCT_NAME = "$(TARGET_NAME)";
				WRAPPER_EXTENSION = app;
			};
			name = Release;
		};
		5087113D19C3D96A001FBADE /* Debug */ = {
			isa = XCBuildConfiguration;
			buildSettings = {
				BUNDLE_LOADER = "$(BUILT_PRODUCTS_DIR)/MagicBoard.app/MagicBoard";
				FRAMEWORK_SEARCH_PATHS = (
					"$(SDKROOT)/Developer/Library/Frameworks",
					"$(inherited)",
					"$(DEVELOPER_FRAMEWORKS_DIR)",
				);
				GCC_PRECOMPILE_PREFIX_HEADER = YES;
				GCC_PREFIX_HEADER = "MagicBoard/MagicBoard-Prefix.pch";
				GCC_PREPROCESSOR_DEFINITIONS = (
					"DEBUG=1",
					"$(inherited)",
				);
				INFOPLIST_FILE = "MagicBoardTests/MagicBoardTests-Info.plist";
				PRODUCT_NAME = "$(TARGET_NAME)";
				TEST_HOST = "$(BUNDLE_LOADER)";
				WRAPPER_EXTENSION = xctest;
			};
			name = Debug;
		};
		5087113E19C3D96A001FBADE /* Release */ = {
			isa = XCBuildConfiguration;
			buildSettings = {
				BUNDLE_LOADER = "$(BUILT_PRODUCTS_DIR)/MagicBoard.app/MagicBoard";
				FRAMEWORK_SEARCH_PATHS = (
					"$(SDKROOT)/Developer/Library/Frameworks",
					"$(inherited)",
					"$(DEVELOPER_FRAMEWORKS_DIR)",
				);
				GCC_PRECOMPILE_PREFIX_HEADER = YES;
				GCC_PREFIX_HEADER = "MagicBoard/MagicBoard-Prefix.pch";
				INFOPLIST_FILE = "MagicBoardTests/MagicBoardTests-Info.plist";
				PRODUCT_NAME = "$(TARGET_NAME)";
				TEST_HOST = "$(BUNDLE_LOADER)";
				WRAPPER_EXTENSION = xctest;
			};
			name = Release;
		};
/* End XCBuildConfiguration section */

/* Begin XCConfigurationList section */
		508710FF19C3D969001FBADE /* Build configuration list for PBXProject "MagicBoard" */ = {
			isa = XCConfigurationList;
			buildConfigurations = (
				5087113719C3D96A001FBADE /* Debug */,
				5087113819C3D96A001FBADE /* Release */,
			);
			defaultConfigurationIsVisible = 0;
			defaultConfigurationName = Release;
		};
		5087113919C3D96A001FBADE /* Build configuration list for PBXNativeTarget "MagicBoard" */ = {
			isa = XCConfigurationList;
			buildConfigurations = (
				5087113A19C3D96A001FBADE /* Debug */,
				5087113B19C3D96A001FBADE /* Release */,
			);
			defaultConfigurationIsVisible = 0;
			defaultConfigurationName = Release;
		};
		5087113C19C3D96A001FBADE /* Build configuration list for PBXNativeTarget "MagicBoardTests" */ = {
			isa = XCConfigurationList;
			buildConfigurations = (
				5087113D19C3D96A001FBADE /* Debug */,
				5087113E19C3D96A001FBADE /* Release */,
			);
			defaultConfigurationIsVisible = 0;
			defaultConfigurationName = Release;
		};
/* End XCConfigurationList section */
	};
	rootObject = 508710FC19C3D969001FBADE /* Project object */;
}
